
Microsoft Visual Studio Solution File, Format Version 12.00
# Visual Studio 15
VisualStudioVersion = 15.0.28010.2041
MinimumVisualStudioVersion = 10.0.40219.1
Project("{FAE04EC0-301F-11D3-BF4B-00C04F79EFBC}") = "Milvale POS", "Milvale POS\Milvale POS.csproj", "{23C9827F-1026-457A-9998-BC0262B295BA}"
EndProject
Global
	GlobalSection(SolutionConfigurationPlatforms) = preSolution
		Debug|Any CPU = Debug|Any CPU
		Release|Any CPU = Release|Any CPU
	EndGlobalSection
	GlobalSection(ProjectConfigurationPlatforms) = postSolution
		{23C9827F-1026-457A-9998-BC0262B295BA}.Debug|Any CPU.ActiveCfg = Debug|Any CPU
		{23C9827F-1026-457A-9998-BC0262B295BA}.Debug|Any CPU.Build.0 = Debug|Any CPU
		{23C9827F-1026-457A-9998-BC0262B295BA}.Release|Any CPU.ActiveCfg = Release|Any CPU
		{23C9827F-1026-457A-9998-BC0262B295BA}.Release|Any CPU.Build.0 = Release|Any CPU
	EndGlobalSection
	GlobalSection(SolutionProperties) = preSolution
		HideSolutionNode = FALSE
	EndGlobalSection
	GlobalSection(ExtensibilityGlobals) = postSolution
		SolutionGuid = {E2311AD2-24E0-4C4B-94B2-630322A87C62}
	EndGlobalSection
EndGlobal
